<?xml version="1.0" encoding="utf-8"?>
<Project ToolsVersion="4.0" xmlns="http://schemas.microsoft.com/developer/msbuild/2003">
  <ItemGroup>
    <Filter Include="Header">
      <UniqueIdentifier>{d503b18f-57ae-4381-bfda-5d735e3117f5}</UniqueIdentifier>
    </Filter>
    <Filter Include="Source Code">
      <UniqueIdentifier>{6fb60c3b-e80b-41c6-86de-be1bb48d5429}</UniqueIdentifier>
    </Filter>
    <Filter Include="Shaders">
      <UniqueIdentifier>{df8fe502-ef77-4588-b207-14130e66f784}</UniqueIdentifier>
    </Filter>
  </ItemGroup>
  <ItemGroup>
    <ClCompile Include="Tutorial6.cpp">
      <Filter>Source Code</Filter>
    </ClCompile>
    <ClCompile Include="Renderer.cpp">
      <Filter>Source Code</Filter>
    </ClCompile>
  </ItemGroup>
  <ItemGroup>
    <ClInclude Include="Renderer.h">
      <Filter>Header</Filter>
    </ClInclude>
  </ItemGroup>
  <ItemGroup>
    <None Include="..\Shaders\SceneFragment.glsl">
      <Filter>Shaders</Filter>
    </None>
    <None Include="..\Shaders\SceneVertex.glsl">
      <Filter>Shaders</Filter>
    </None>
  </ItemGroup>
</Project>