<?xml version="1.0" encoding="utf-8"?>
<Project ToolsVersion="4.0" xmlns="http://schemas.microsoft.com/developer/msbuild/2003">
  <ItemGroup>
    <Filter Include="Header">
      <UniqueIdentifier>{4793fc52-6f63-4b0f-822b-b38a97858b9b}</UniqueIdentifier>
    </Filter>
    <Filter Include="Source Code">
      <UniqueIdentifier>{e97faae3-4b81-498e-8366-7534e8d9e09c}</UniqueIdentifier>
    </Filter>
    <Filter Include="Shaders">
      <UniqueIdentifier>{faa12e3f-4810-47f6-a4e7-0c8a4c0fab0a}</UniqueIdentifier>
    </Filter>
  </ItemGroup>
  <ItemGroup>
    <ClCompile Include="Tutorial10.cpp">
      <Filter>Source Code</Filter>
    </ClCompile>
    <ClCompile Include="Renderer.cpp">
      <Filter>Source Code</Filter>
    </ClCompile>
  </ItemGroup>
  <ItemGroup>
    <ClInclude Include="Renderer.h">
      <Filter>Header</Filter>
    </ClInclude>
  </ItemGroup>
  <ItemGroup>
    <None Include="..\Shaders\processfrag.glsl">
      <Filter>Shaders</Filter>
    </None>
    <None Include="..\Shaders\TexturedFragment.glsl">
      <Filter>Shaders</Filter>
    </None>
    <None Include="..\Shaders\TexturedVertex.glsl">
      <Filter>Shaders</Filter>
    </None>
  </ItemGroup>
</Project>