<?xml version="1.0" encoding="utf-8"?>
<Project ToolsVersion="4.0" xmlns="http://schemas.microsoft.com/developer/msbuild/2003">
  <ItemGroup>
    <Filter Include="Source Code">
      <UniqueIdentifier>{37767af6-8dfa-412c-bdb2-c4a2d82987d6}</UniqueIdentifier>
    </Filter>
    <Filter Include="Header">
      <UniqueIdentifier>{d1f49e57-bcc1-40c0-a736-086a314af1c0}</UniqueIdentifier>
    </Filter>
    <Filter Include="Shader">
      <UniqueIdentifier>{b34c5ac3-8b51-4db6-8d9a-e0b403433957}</UniqueIdentifier>
    </Filter>
  </ItemGroup>
  <ItemGroup>
    <ClCompile Include="Tutorial9.cpp">
      <Filter>Source Code</Filter>
    </ClCompile>
    <ClCompile Include="Renderer.cpp">
      <Filter>Source Code</Filter>
    </ClCompile>
  </ItemGroup>
  <ItemGroup>
    <ClInclude Include="Renderer.h">
      <Filter>Header</Filter>
    </ClInclude>
  </ItemGroup>
  <ItemGroup>
    <None Include="..\Shaders\SkinningVertex.glsl">
      <Filter>Shader</Filter>
    </None>
    <None Include="..\Shaders\texturedFragment-9.glsl">
      <Filter>Shader</Filter>
    </None>
  </ItemGroup>
</Project>