<?xml version="1.0" encoding="utf-8"?>
<Project ToolsVersion="Current" xmlns="http://schemas.microsoft.com/developer/msbuild/2003">
  <ItemGroup>
    <Filter Include="Source Code">
      <UniqueIdentifier>{a9b4ca78-fb0d-4bd5-8029-81c1036b5ad6}</UniqueIdentifier>
    </Filter>
    <Filter Include="Shader">
      <UniqueIdentifier>{330da30a-7036-4f86-8f9f-2950f87a7dca}</UniqueIdentifier>
    </Filter>
    <Filter Include="Header">
      <UniqueIdentifier>{93fe2d34-11fe-4598-9b89-b06c0bd49e9f}</UniqueIdentifier>
    </Filter>
  </ItemGroup>
  <ItemGroup>
    <ClCompile Include="Tutorial11.cpp">
      <Filter>Source Code</Filter>
    </ClCompile>
    <ClCompile Include="Renderer.cpp">
      <Filter>Source Code</Filter>
    </ClCompile>
  </ItemGroup>
  <ItemGroup>
    <ClInclude Include="Renderer.h">
      <Filter>Header</Filter>
    </ClInclude>
  </ItemGroup>
  <ItemGroup>
    <None Include="..\Shaders\PerPixelFragment.glsl">
      <Filter>Shader</Filter>
    </None>
    <None Include="..\Shaders\PerPixelVertex.glsl">
      <Filter>Shader</Filter>
    </None>
  </ItemGroup>
</Project>